
Microsoft Visual Studio Solution File, Format Version 12.00
Project("{FAE04EC0-301F-11D3-BF4B-00C04F79EFBC}") = "BlazorFomantic", "BlazorFomantic\BlazorFomantic.csproj", "{BC9B293E-E16D-4F49-BEEF-AFEDB85E56E4}"
EndProject
Global
	GlobalSection(SolutionConfigurationPlatforms) = preSolution
		Debug|Any CPU = Debug|Any CPU
		Release|Any CPU = Release|Any CPU
	EndGlobalSection
	GlobalSection(ProjectConfigurationPlatforms) = postSolution
		{BC9B293E-E16D-4F49-BEEF-AFEDB85E56E4}.Debug|Any CPU.ActiveCfg = Debug|Any CPU
		{BC9B293E-E16D-4F49-BEEF-AFEDB85E56E4}.Debug|Any CPU.Build.0 = Debug|Any CPU
		{BC9B293E-E16D-4F49-BEEF-AFEDB85E56E4}.Release|Any CPU.ActiveCfg = Release|Any CPU
		{BC9B293E-E16D-4F49-BEEF-AFEDB85E56E4}.Release|Any CPU.Build.0 = Release|Any CPU
	EndGlobalSection
EndGlobal
